// !$*UTF8*$!
{
	archiveVersion = 1;
	classes = {
	};
	objectVersion = 48;
	objects = {

/* Begin PBXBuildFile section */
		0C15CFEA98C33CF9C235F1CC /* Pods_World_Restaurants.framework in Frameworks */ = {isa = PBXBuildFile; fileRef = 9ACE5CE5AC744C1904AA71D4 /* Pods_World_Restaurants.framework */; };
		CB0D71DD20337FBB00BFB08D /* SavedRestaurants.xcdatamodeld in Sources */ = {isa = PBXBuildFile; fileRef = CB0D71DB20337FBB00BFB08D /* SavedRestaurants.xcdatamodeld */; };
		CB0D71E12033899700BFB08D /* SavedRestaurantTableViewController.swift in Sources */ = {isa = PBXBuildFile; fileRef = CB0D71E02033899700BFB08D /* SavedRestaurantTableViewController.swift */; };
		CB0D71E52033BB6E00BFB08D /* headerViewCell.swift in Sources */ = {isa = PBXBuildFile; fileRef = CB0D71E42033BB6E00BFB08D /* headerViewCell.swift */; };
		CB0D71E720341F7A00BFB08D /* RestaurantListViewCell.swift in Sources */ = {isa = PBXBuildFile; fileRef = CB0D71E620341F7A00BFB08D /* RestaurantListViewCell.swift */; };
		CB626972202FD86D0056DA60 /* CoreDataStack.swift in Sources */ = {isa = PBXBuildFile; fileRef = CB626971202FD86D0056DA60 /* CoreDataStack.swift */; };
		CB62A946202A1C70001EBD43 /* Helpers.swift in Sources */ = {isa = PBXBuildFile; fileRef = CB62A945202A1C70001EBD43 /* Helpers.swift */; };
		CB62A948202A5F6A001EBD43 /* GroupsListViewController.swift in Sources */ = {isa = PBXBuildFile; fileRef = CB62A947202A5F6A001EBD43 /* GroupsListViewController.swift */; };
		CB6D517A2036584300580287 /* Assets.xcassets in Resources */ = {isa = PBXBuildFile; fileRef = CB6D51792036584300580287 /* Assets.xcassets */; };
		CB6F8D872024D7A400841B83 /* RestaurantCategory.swift in Sources */ = {isa = PBXBuildFile; fileRef = CB6F8D862024D7A400841B83 /* RestaurantCategory.swift */; };
		CB6F8D892024D80500841B83 /* RestaurantTransaction.swift in Sources */ = {isa = PBXBuildFile; fileRef = CB6F8D882024D80500841B83 /* RestaurantTransaction.swift */; };
		CB6F8D8B2024D84D00841B83 /* User.swift in Sources */ = {isa = PBXBuildFile; fileRef = CB6F8D8A2024D84D00841B83 /* User.swift */; };
		CB6F8D8D2024D85E00841B83 /* Coordinate.swift in Sources */ = {isa = PBXBuildFile; fileRef = CB6F8D8C2024D85E00841B83 /* Coordinate.swift */; };
		CB6F8D8F2024DD6300841B83 /* CountryGroup.swift in Sources */ = {isa = PBXBuildFile; fileRef = CB6F8D8E2024DD6300841B83 /* CountryGroup.swift */; };
		CB6F8D912024DE1700841B83 /* Country.swift in Sources */ = {isa = PBXBuildFile; fileRef = CB6F8D902024DE1700841B83 /* Country.swift */; };
		CB6F8D932024DFF100841B83 /* Address.swift in Sources */ = {isa = PBXBuildFile; fileRef = CB6F8D922024DFF100841B83 /* Address.swift */; };
		CB6F8D952024E00D00841B83 /* BusinessHours.swift in Sources */ = {isa = PBXBuildFile; fileRef = CB6F8D942024E00D00841B83 /* BusinessHours.swift */; };
		CB6F8D972024E04D00841B83 /* JSONDecodable.swift in Sources */ = {isa = PBXBuildFile; fileRef = CB6F8D962024E04D00841B83 /* JSONDecodable.swift */; };
		CB6F8D992024E08300841B83 /* YelpEndpoint.swift in Sources */ = {isa = PBXBuildFile; fileRef = CB6F8D982024E08300841B83 /* YelpEndpoint.swift */; };
		CB6F8D9C20251DEE00841B83 /* UserLocationManager.swift in Sources */ = {isa = PBXBuildFile; fileRef = CB6F8D9B20251DEE00841B83 /* UserLocationManager.swift */; };
		CB6F8DA0202524EF00841B83 /* Error.swift in Sources */ = {isa = PBXBuildFile; fileRef = CB6F8D9F202524EF00841B83 /* Error.swift */; };
		CB8145062030C388008A15E3 /* Photo.swift in Sources */ = {isa = PBXBuildFile; fileRef = CB8145052030C388008A15E3 /* Photo.swift */; };
		CB81450820321756008A15E3 /* SavedRestaurantsExtention.swift in Sources */ = {isa = PBXBuildFile; fileRef = CB81450720321756008A15E3 /* SavedRestaurantsExtention.swift */; };
		CB81450C2032573C008A15E3 /* CountryGroupViewCell.swift in Sources */ = {isa = PBXBuildFile; fileRef = CB81450B2032573C008A15E3 /* CountryGroupViewCell.swift */; };
		CB81450E20325A2B008A15E3 /* DatabaseManager.swift in Sources */ = {isa = PBXBuildFile; fileRef = CB81450D20325A2B008A15E3 /* DatabaseManager.swift */; };
		CB8A960F21A92B3800A53416 /* SavedRestaurantViewCell.swift in Sources */ = {isa = PBXBuildFile; fileRef = CB8A960E21A92B3800A53416 /* SavedRestaurantViewCell.swift */; };
		CBBA697720244EFA00CAB545 /* AppDelegate.swift in Sources */ = {isa = PBXBuildFile; fileRef = CBBA697620244EFA00CAB545 /* AppDelegate.swift */; };
		CBBA698420244EFA00CAB545 /* LaunchScreen.storyboard in Resources */ = {isa = PBXBuildFile; fileRef = CBBA698220244EFA00CAB545 /* LaunchScreen.storyboard */; };
		CBBA698C20244F4D00CAB545 /* Main.storyboard in Resources */ = {isa = PBXBuildFile; fileRef = CBBA698B20244F4D00CAB545 /* Main.storyboard */; };
		CBBA69922024505700CAB545 /* RestaurantListViewController.swift in Sources */ = {isa = PBXBuildFile; fileRef = CBBA69912024505700CAB545 /* RestaurantListViewController.swift */; };
		CBBA69942024515100CAB545 /* ResturantListDataSource.swift in Sources */ = {isa = PBXBuildFile; fileRef = CBBA69932024515100CAB545 /* ResturantListDataSource.swift */; };
		CBBA69962024526800CAB545 /* RestaurantDetailViewController.swift in Sources */ = {isa = PBXBuildFile; fileRef = CBBA69952024526800CAB545 /* RestaurantDetailViewController.swift */; };
		CBBA6999202452F300CAB545 /* RestaurantDetailViewModel.swift in Sources */ = {isa = PBXBuildFile; fileRef = CBBA6998202452F300CAB545 /* RestaurantDetailViewModel.swift */; };
		CBBA69A12024547300CAB545 /* Restaurant.swift in Sources */ = {isa = PBXBuildFile; fileRef = CBBA69A02024547300CAB545 /* Restaurant.swift */; };
		CBBFB5FE202BE75A004412EB /* Resullt.swift in Sources */ = {isa = PBXBuildFile; fileRef = CBBFB5FD202BE75A004412EB /* Resullt.swift */; };
		CBBFB600202BEB92004412EB /* NetworkApiClient.swift in Sources */ = {isa = PBXBuildFile; fileRef = CBBFB5FF202BEB92004412EB /* NetworkApiClient.swift */; };
		CBBFB602202CBE1C004412EB /* YelpClient.swift in Sources */ = {isa = PBXBuildFile; fileRef = CBBFB601202CBE1C004412EB /* YelpClient.swift */; };
		CBC9E886202E6CDA00C503FA /* RestaurantPicturesDataSource.swift in Sources */ = {isa = PBXBuildFile; fileRef = CBC9E885202E6CDA00C503FA /* RestaurantPicturesDataSource.swift */; };
		CBC9E888202E6F8E00C503FA /* pictureCollectionViewCell.swift in Sources */ = {isa = PBXBuildFile; fileRef = CBC9E887202E6F8E00C503FA /* pictureCollectionViewCell.swift */; };
		CBD4CC502034B36B00AA9FD8 /* Designable Helpers.swift in Sources */ = {isa = PBXBuildFile; fileRef = CBD4CC4F2034B36B00AA9FD8 /* Designable Helpers.swift */; };
		CBD4CC522034CE3300AA9FD8 /* Pin.swift in Sources */ = {isa = PBXBuildFile; fileRef = CBD4CC512034CE3300AA9FD8 /* Pin.swift */; };
/* End PBXBuildFile section */

/* Begin PBXFileReference section */
		0E3C2A03F8CC2E5ED8945760 /* Pods-World Restaurants.debug.xcconfig */ = {isa = PBXFileReference; includeInIndex = 1; lastKnownFileType = text.xcconfig; name = "Pods-World Restaurants.debug.xcconfig"; path = "Pods/Target Support Files/Pods-World Restaurants/Pods-World Restaurants.debug.xcconfig"; sourceTree = "<group>"; };
		25E7AB68427B1D9DCA159273 /* Pods-World Restaurants.release.xcconfig */ = {isa = PBXFileReference; includeInIndex = 1; lastKnownFileType = text.xcconfig; name = "Pods-World Restaurants.release.xcconfig"; path = "Pods/Target Support Files/Pods-World Restaurants/Pods-World Restaurants.release.xcconfig"; sourceTree = "<group>"; };
		9ACE5CE5AC744C1904AA71D4 /* Pods_World_Restaurants.framework */ = {isa = PBXFileReference; explicitFileType = wrapper.framework; includeInIndex = 0; path = Pods_World_Restaurants.framework; sourceTree = BUILT_PRODUCTS_DIR; };
		CB0D71DC20337FBB00BFB08D /* FavoriteRestaurants.xcdatamodel */ = {isa = PBXFileReference; lastKnownFileType = wrapper.xcdatamodel; path = FavoriteRestaurants.xcdatamodel; sourceTree = "<group>"; };
		CB0D71E02033899700BFB08D /* SavedRestaurantTableViewController.swift */ = {isa = PBXFileReference; lastKnownFileType = sourcecode.swift; path = SavedRestaurantTableViewController.swift; sourceTree = "<group>"; };
		CB0D71E42033BB6E00BFB08D /* headerViewCell.swift */ = {isa = PBXFileReference; lastKnownFileType = sourcecode.swift; path = headerViewCell.swift; sourceTree = "<group>"; };
		CB0D71E620341F7A00BFB08D /* RestaurantListViewCell.swift */ = {isa = PBXFileReference; lastKnownFileType = sourcecode.swift; path = RestaurantListViewCell.swift; sourceTree = "<group>"; };
		CB626971202FD86D0056DA60 /* CoreDataStack.swift */ = {isa = PBXFileReference; lastKnownFileType = sourcecode.swift; path = CoreDataStack.swift; sourceTree = "<group>"; };
		CB62A945202A1C70001EBD43 /* Helpers.swift */ = {isa = PBXFileReference; lastKnownFileType = sourcecode.swift; path = Helpers.swift; sourceTree = "<group>"; };
		CB62A947202A5F6A001EBD43 /* GroupsListViewController.swift */ = {isa = PBXFileReference; lastKnownFileType = sourcecode.swift; path = GroupsListViewController.swift; sourceTree = "<group>"; };
		CB6D51792036584300580287 /* Assets.xcassets */ = {isa = PBXFileReference; lastKnownFileType = folder.assetcatalog; name = Assets.xcassets; path = Controllers/Assets.xcassets; sourceTree = "<group>"; };
		CB6F8D862024D7A400841B83 /* RestaurantCategory.swift */ = {isa = PBXFileReference; lastKnownFileType = sourcecode.swift; path = RestaurantCategory.swift; sourceTree = "<group>"; };
		CB6F8D882024D80500841B83 /* RestaurantTransaction.swift */ = {isa = PBXFileReference; lastKnownFileType = sourcecode.swift; path = RestaurantTransaction.swift; sourceTree = "<group>"; };
		CB6F8D8A2024D84D00841B83 /* User.swift */ = {isa = PBXFileReference; lastKnownFileType = sourcecode.swift; path = User.swift; sourceTree = "<group>"; };
		CB6F8D8C2024D85E00841B83 /* Coordinate.swift */ = {isa = PBXFileReference; lastKnownFileType = sourcecode.swift; path = Coordinate.swift; sourceTree = "<group>"; };
		CB6F8D8E2024DD6300841B83 /* CountryGroup.swift */ = {isa = PBXFileReference; lastKnownFileType = sourcecode.swift; path = CountryGroup.swift; sourceTree = "<group>"; };
		CB6F8D902024DE1700841B83 /* Country.swift */ = {isa = PBXFileReference; lastKnownFileType = sourcecode.swift; path = Country.swift; sourceTree = "<group>"; };
		CB6F8D922024DFF100841B83 /* Address.swift */ = {isa = PBXFileReference; lastKnownFileType = sourcecode.swift; path = Address.swift; sourceTree = "<group>"; };
		CB6F8D942024E00D00841B83 /* BusinessHours.swift */ = {isa = PBXFileReference; lastKnownFileType = sourcecode.swift; path = BusinessHours.swift; sourceTree = "<group>"; };
		CB6F8D962024E04D00841B83 /* JSONDecodable.swift */ = {isa = PBXFileReference; lastKnownFileType = sourcecode.swift; path = JSONDecodable.swift; sourceTree = "<group>"; };
		CB6F8D982024E08300841B83 /* YelpEndpoint.swift */ = {isa = PBXFileReference; lastKnownFileType = sourcecode.swift; path = YelpEndpoint.swift; sourceTree = "<group>"; };
		CB6F8D9B20251DEE00841B83 /* UserLocationManager.swift */ = {isa = PBXFileReference; lastKnownFileType = sourcecode.swift; path = UserLocationManager.swift; sourceTree = "<group>"; };
		CB6F8D9F202524EF00841B83 /* Error.swift */ = {isa = PBXFileReference; lastKnownFileType = sourcecode.swift; path = Error.swift; sourceTree = "<group>"; };
		CB8145052030C388008A15E3 /* Photo.swift */ = {isa = PBXFileReference; lastKnownFileType = sourcecode.swift; path = Photo.swift; sourceTree = "<group>"; };
		CB81450720321756008A15E3 /* SavedRestaurantsExtention.swift */ = {isa = PBXFileReference; lastKnownFileType = sourcecode.swift; path = SavedRestaurantsExtention.swift; sourceTree = "<group>"; };
		CB81450B2032573C008A15E3 /* CountryGroupViewCell.swift */ = {isa = PBXFileReference; lastKnownFileType = sourcecode.swift; path = CountryGroupViewCell.swift; sourceTree = "<group>"; };
		CB81450D20325A2B008A15E3 /* DatabaseManager.swift */ = {isa = PBXFileReference; lastKnownFileType = sourcecode.swift; path = DatabaseManager.swift; sourceTree = "<group>"; };
		CB8A960E21A92B3800A53416 /* SavedRestaurantViewCell.swift */ = {isa = PBXFileReference; lastKnownFileType = sourcecode.swift; path = SavedRestaurantViewCell.swift; sourceTree = "<group>"; };
		CBBA697320244EFA00CAB545 /* World Restaurants.app */ = {isa = PBXFileReference; explicitFileType = wrapper.application; includeInIndex = 0; path = "World Restaurants.app"; sourceTree = BUILT_PRODUCTS_DIR; };
		CBBA697620244EFA00CAB545 /* AppDelegate.swift */ = {isa = PBXFileReference; lastKnownFileType = sourcecode.swift; path = AppDelegate.swift; sourceTree = "<group>"; };
		CBBA698320244EFA00CAB545 /* Base */ = {isa = PBXFileReference; lastKnownFileType = file.storyboard; name = Base; path = Base.lproj/LaunchScreen.storyboard; sourceTree = "<group>"; };
		CBBA698520244EFA00CAB545 /* Info.plist */ = {isa = PBXFileReference; lastKnownFileType = text.plist.xml; path = Info.plist; sourceTree = "<group>"; };
		CBBA698B20244F4D00CAB545 /* Main.storyboard */ = {isa = PBXFileReference; fileEncoding = 4; lastKnownFileType = file.storyboard; path = Main.storyboard; sourceTree = "<group>"; };
		CBBA69912024505700CAB545 /* RestaurantListViewController.swift */ = {isa = PBXFileReference; lastKnownFileType = sourcecode.swift; path = RestaurantListViewController.swift; sourceTree = "<group>"; };
		CBBA69932024515100CAB545 /* ResturantListDataSource.swift */ = {isa = PBXFileReference; lastKnownFileType = sourcecode.swift; path = ResturantListDataSource.swift; sourceTree = "<group>"; };
		CBBA69952024526800CAB545 /* RestaurantDetailViewController.swift */ = {isa = PBXFileReference; lastKnownFileType = sourcecode.swift; path = RestaurantDetailViewController.swift; sourceTree = "<group>"; };
		CBBA6998202452F300CAB545 /* RestaurantDetailViewModel.swift */ = {isa = PBXFileReference; lastKnownFileType = sourcecode.swift; path = RestaurantDetailViewModel.swift; sourceTree = "<group>"; };
		CBBA69A02024547300CAB545 /* Restaurant.swift */ = {isa = PBXFileReference; lastKnownFileType = sourcecode.swift; path = Restaurant.swift; sourceTree = "<group>"; };
		CBBFB5FD202BE75A004412EB /* Resullt.swift */ = {isa = PBXFileReference; lastKnownFileType = sourcecode.swift; path = Resullt.swift; sourceTree = "<group>"; };
		CBBFB5FF202BEB92004412EB /* NetworkApiClient.swift */ = {isa = PBXFileReference; lastKnownFileType = sourcecode.swift; path = NetworkApiClient.swift; sourceTree = "<group>"; };
		CBBFB601202CBE1C004412EB /* YelpClient.swift */ = {isa = PBXFileReference; lastKnownFileType = sourcecode.swift; path = YelpClient.swift; sourceTree = "<group>"; };
		CBC9E885202E6CDA00C503FA /* RestaurantPicturesDataSource.swift */ = {isa = PBXFileReference; lastKnownFileType = sourcecode.swift; path = RestaurantPicturesDataSource.swift; sourceTree = "<group>"; };
		CBC9E887202E6F8E00C503FA /* pictureCollectionViewCell.swift */ = {isa = PBXFileReference; lastKnownFileType = sourcecode.swift; path = pictureCollectionViewCell.swift; sourceTree = "<group>"; };
		CBD4CC4F2034B36B00AA9FD8 /* Designable Helpers.swift */ = {isa = PBXFileReference; lastKnownFileType = sourcecode.swift; path = "Designable Helpers.swift"; sourceTree = "<group>"; };
		CBD4CC512034CE3300AA9FD8 /* Pin.swift */ = {isa = PBXFileReference; lastKnownFileType = sourcecode.swift; path = Pin.swift; sourceTree = "<group>"; };
/* End PBXFileReference section */

/* Begin PBXFrameworksBuildPhase section */
		CBBA697020244EFA00CAB545 /* Frameworks */ = {
			isa = PBXFrameworksBuildPhase;
			buildActionMask = 2147483647;
			files = (
				0C15CFEA98C33CF9C235F1CC /* Pods_World_Restaurants.framework in Frameworks */,
			);
			runOnlyForDeploymentPostprocessing = 0;
		};
/* End PBXFrameworksBuildPhase section */

/* Begin PBXGroup section */
		133A121B63B3CD7B9B104139 /* Pods */ = {
			isa = PBXGroup;
			children = (
				0E3C2A03F8CC2E5ED8945760 /* Pods-World Restaurants.debug.xcconfig */,
				25E7AB68427B1D9DCA159273 /* Pods-World Restaurants.release.xcconfig */,
			);
			name = Pods;
			sourceTree = "<group>";
		};
		232906A8904B06BFA31F8C8A /* Frameworks */ = {
			isa = PBXGroup;
			children = (
				9ACE5CE5AC744C1904AA71D4 /* Pods_World_Restaurants.framework */,
			);
			name = Frameworks;
			sourceTree = "<group>";
		};
		CB6F8D9E202524D400841B83 /* Helper */ = {
			isa = PBXGroup;
			children = (
				CB6F8D9B20251DEE00841B83 /* UserLocationManager.swift */,
				CB6F8D9F202524EF00841B83 /* Error.swift */,
				CB62A945202A1C70001EBD43 /* Helpers.swift */,
			);
			path = Helper;
			sourceTree = "<group>";
		};
		CBBA696A20244EF900CAB545 = {
			isa = PBXGroup;
			children = (
				CBBA697520244EFA00CAB545 /* World Restaurants */,
				CBBA697420244EFA00CAB545 /* Products */,
				133A121B63B3CD7B9B104139 /* Pods */,
				232906A8904B06BFA31F8C8A /* Frameworks */,
			);
			sourceTree = "<group>";
		};
		CBBA697420244EFA00CAB545 /* Products */ = {
			isa = PBXGroup;
			children = (
				CBBA697320244EFA00CAB545 /* World Restaurants.app */,
			);
			name = Products;
			sourceTree = "<group>";
		};
		CBBA697520244EFA00CAB545 /* World Restaurants */ = {
			isa = PBXGroup;
			children = (
				CB6F8D9E202524D400841B83 /* Helper */,
				CBBA69902024500200CAB545 /* Networking */,
				CBBA698F20244FF500CAB545 /* Models */,
				CBBA6997202452C700CAB545 /* ViewModels */,
				CBBA698E20244FE100CAB545 /* Views */,
				CBBA698D20244FD400CAB545 /* Controllers */,
				CBBA697620244EFA00CAB545 /* AppDelegate.swift */,
				CBBA698B20244F4D00CAB545 /* Main.storyboard */,
				CBBA698220244EFA00CAB545 /* LaunchScreen.storyboard */,
				CBBA698520244EFA00CAB545 /* Info.plist */,
				CB6D51792036584300580287 /* Assets.xcassets */,
			);
			path = "World Restaurants";
			sourceTree = "<group>";
		};
		CBBA698D20244FD400CAB545 /* Controllers */ = {
			isa = PBXGroup;
			children = (
				CBBA69912024505700CAB545 /* RestaurantListViewController.swift */,
				CBBA69932024515100CAB545 /* ResturantListDataSource.swift */,
				CBBA69952024526800CAB545 /* RestaurantDetailViewController.swift */,
				CB62A947202A5F6A001EBD43 /* GroupsListViewController.swift */,
				CBC9E885202E6CDA00C503FA /* RestaurantPicturesDataSource.swift */,
				CB0D71E02033899700BFB08D /* SavedRestaurantTableViewController.swift */,
			);
			path = Controllers;
			sourceTree = "<group>";
		};
		CBBA698E20244FE100CAB545 /* Views */ = {
			isa = PBXGroup;
			children = (
				CBC9E887202E6F8E00C503FA /* pictureCollectionViewCell.swift */,
				CB81450B2032573C008A15E3 /* CountryGroupViewCell.swift */,
				CB0D71E42033BB6E00BFB08D /* headerViewCell.swift */,
				CB0D71E620341F7A00BFB08D /* RestaurantListViewCell.swift */,
				CBD4CC4F2034B36B00AA9FD8 /* Designable Helpers.swift */,
				CBD4CC512034CE3300AA9FD8 /* Pin.swift */,
				CB8A960E21A92B3800A53416 /* SavedRestaurantViewCell.swift */,
			);
			path = Views;
			sourceTree = "<group>";
		};
		CBBA698F20244FF500CAB545 /* Models */ = {
			isa = PBXGroup;
			children = (
				CBBA69A02024547300CAB545 /* Restaurant.swift */,
				CB6F8D862024D7A400841B83 /* RestaurantCategory.swift */,
				CB6F8D882024D80500841B83 /* RestaurantTransaction.swift */,
				CB6F8D8A2024D84D00841B83 /* User.swift */,
				CB6F8D8C2024D85E00841B83 /* Coordinate.swift */,
				CB6F8D8E2024DD6300841B83 /* CountryGroup.swift */,
				CB6F8D902024DE1700841B83 /* Country.swift */,
				CB6F8D922024DFF100841B83 /* Address.swift */,
				CB6F8D942024E00D00841B83 /* BusinessHours.swift */,
				CB626971202FD86D0056DA60 /* CoreDataStack.swift */,
				CB8145052030C388008A15E3 /* Photo.swift */,
				CB81450720321756008A15E3 /* SavedRestaurantsExtention.swift */,
				CB81450D20325A2B008A15E3 /* DatabaseManager.swift */,
				CB0D71DB20337FBB00BFB08D /* SavedRestaurants.xcdatamodeld */,
			);
			path = Models;
			sourceTree = "<group>";
		};
		CBBA69902024500200CAB545 /* Networking */ = {
			isa = PBXGroup;
			children = (
				CB6F8D962024E04D00841B83 /* JSONDecodable.swift */,
				CB6F8D982024E08300841B83 /* YelpEndpoint.swift */,
				CBBFB5FF202BEB92004412EB /* NetworkApiClient.swift */,
				CBBFB5FD202BE75A004412EB /* Resullt.swift */,
				CBBFB601202CBE1C004412EB /* YelpClient.swift */,
			);
			path = Networking;
			sourceTree = "<group>";
		};
		CBBA6997202452C700CAB545 /* ViewModels */ = {
			isa = PBXGroup;
			children = (
				CBBA6998202452F300CAB545 /* RestaurantDetailViewModel.swift */,
			);
			path = ViewModels;
			sourceTree = "<group>";
		};
/* End PBXGroup section */

/* Begin PBXNativeTarget section */
		CBBA697220244EFA00CAB545 /* World Restaurants */ = {
			isa = PBXNativeTarget;
			buildConfigurationList = CBBA698820244EFA00CAB545 /* Build configuration list for PBXNativeTarget "World Restaurants" */;
			buildPhases = (
				73B3EED1286A32624F7831AE /* [CP] Check Pods Manifest.lock */,
				CBBA696F20244EFA00CAB545 /* Sources */,
				CBBA697020244EFA00CAB545 /* Frameworks */,
				CBBA697120244EFA00CAB545 /* Resources */,
				436687865F43C3F9DDD35ADF /* [CP] Embed Pods Frameworks */,
				631F2383CB431E853D024846 /* [CP] Copy Pods Resources */,
			);
			buildRules = (
			);
			dependencies = (
			);
			name = "World Restaurants";
			productName = "World Restaurants";
			productReference = CBBA697320244EFA00CAB545 /* World Restaurants.app */;
			productType = "com.apple.product-type.application";
		};
/* End PBXNativeTarget section */

/* Begin PBXProject section */
		CBBA696B20244EF900CAB545 /* Project object */ = {
			isa = PBXProject;
			attributes = {
				KnownAssetTags = (
					New,
				);
				LastSwiftUpdateCheck = 0920;
				LastUpgradeCheck = 0930;
				ORGANIZATIONNAME = "Farzad Zamani";
				TargetAttributes = {
					CBBA697220244EFA00CAB545 = {
						CreatedOnToolsVersion = 9.2;
						ProvisioningStyle = Automatic;
					};
				};
			};
			buildConfigurationList = CBBA696E20244EF900CAB545 /* Build configuration list for PBXProject "World Restaurants" */;
			compatibilityVersion = "Xcode 8.0";
			developmentRegion = en;
			hasScannedForEncodings = 0;
			knownRegions = (
				en,
				Base,
			);
			mainGroup = CBBA696A20244EF900CAB545;
			productRefGroup = CBBA697420244EFA00CAB545 /* Products */;
			projectDirPath = "";
			projectRoot = "";
			targets = (
				CBBA697220244EFA00CAB545 /* World Restaurants */,
			);
		};
/* End PBXProject section */

/* Begin PBXResourcesBuildPhase section */
		CBBA697120244EFA00CAB545 /* Resources */ = {
			isa = PBXResourcesBuildPhase;
			buildActionMask = 2147483647;
			files = (
				CBBA698420244EFA00CAB545 /* LaunchScreen.storyboard in Resources */,
				CB6D517A2036584300580287 /* Assets.xcassets in Resources */,
				CBBA698C20244F4D00CAB545 /* Main.storyboard in Resources */,
			);
			runOnlyForDeploymentPostprocessing = 0;
		};
/* End PBXResourcesBuildPhase section */

/* Begin PBXShellScriptBuildPhase section */
		436687865F43C3F9DDD35ADF /* [CP] Embed Pods Frameworks */ = {
			isa = PBXShellScriptBuildPhase;
			buildActionMask = 12;
			files = (
			);
			inputPaths = (
				"${SRCROOT}/Pods/Target Support Files/Pods-World Restaurants/Pods-World Restaurants-frameworks.sh",
				"${BUILT_PRODUCTS_DIR}/NVActivityIndicatorView/NVActivityIndicatorView.framework",
			);
			name = "[CP] Embed Pods Frameworks";
			outputPaths = (
				"${TARGET_BUILD_DIR}/${FRAMEWORKS_FOLDER_PATH}/NVActivityIndicatorView.framework",
			);
			runOnlyForDeploymentPostprocessing = 0;
			shellPath = /bin/sh;
			shellScript = "\"${SRCROOT}/Pods/Target Support Files/Pods-World Restaurants/Pods-World Restaurants-frameworks.sh\"\n";
			showEnvVarsInLog = 0;
		};
		631F2383CB431E853D024846 /* [CP] Copy Pods Resources */ = {
			isa = PBXShellScriptBuildPhase;
			buildActionMask = 12;
			files = (
			);
			inputPaths = (
			);
			name = "[CP] Copy Pods Resources";
			outputPaths = (
			);
			runOnlyForDeploymentPostprocessing = 0;
			shellPath = /bin/sh;
			shellScript = "\"${SRCROOT}/Pods/Target Support Files/Pods-World Restaurants/Pods-World Restaurants-resources.sh\"\n";
			showEnvVarsInLog = 0;
		};
		73B3EED1286A32624F7831AE /* [CP] Check Pods Manifest.lock */ = {
			isa = PBXShellScriptBuildPhase;
			buildActionMask = 12;
			files = (
			);
			inputPaths = (
				"${PODS_PODFILE_DIR_PATH}/Podfile.lock",
				"${PODS_ROOT}/Manifest.lock",
			);
			name = "[CP] Check Pods Manifest.lock";
			outputPaths = (
				"$(DERIVED_FILE_DIR)/Pods-World Restaurants-checkManifestLockResult.txt",
			);
			runOnlyForDeploymentPostprocessing = 0;
			shellPath = /bin/sh;
			shellScript = "diff \"${PODS_PODFILE_DIR_PATH}/Podfile.lock\" \"${PODS_ROOT}/Manifest.lock\" > /dev/null\nif [ $? != 0 ] ; then\n    # print error to STDERR\n    echo \"error: The sandbox is not in sync with the Podfile.lock. Run 'pod install' or update your CocoaPods installation.\" >&2\n    exit 1\nfi\n# This output is used by Xcode 'outputs' to avoid re-running this script phase.\necho \"SUCCESS\" > \"${SCRIPT_OUTPUT_FILE_0}\"\n";
			showEnvVarsInLog = 0;
		};
/* End PBXShellScriptBuildPhase section */

/* Begin PBXSourcesBuildPhase section */
		CBBA696F20244EFA00CAB545 /* Sources */ = {
			isa = PBXSourcesBuildPhase;
			buildActionMask = 2147483647;
			files = (
				CB62A948202A5F6A001EBD43 /* GroupsListViewController.swift in Sources */,
				CBBA69A12024547300CAB545 /* Restaurant.swift in Sources */,
				CB6F8D8F2024DD6300841B83 /* CountryGroup.swift in Sources */,
				CBBA69922024505700CAB545 /* RestaurantListViewController.swift in Sources */,
				CB0D71E52033BB6E00BFB08D /* headerViewCell.swift in Sources */,
				CB6F8D952024E00D00841B83 /* BusinessHours.swift in Sources */,
				CB0D71E12033899700BFB08D /* SavedRestaurantTableViewController.swift in Sources */,
				CBBA69942024515100CAB545 /* ResturantListDataSource.swift in Sources */,
				CB6F8D8D2024D85E00841B83 /* Coordinate.swift in Sources */,
				CB81450820321756008A15E3 /* SavedRestaurantsExtention.swift in Sources */,
				CB0D71DD20337FBB00BFB08D /* SavedRestaurants.xcdatamodeld in Sources */,
				CBBFB5FE202BE75A004412EB /* Resullt.swift in Sources */,
				CB6F8D932024DFF100841B83 /* Address.swift in Sources */,
				CB0D71E720341F7A00BFB08D /* RestaurantListViewCell.swift in Sources */,
				CB8145062030C388008A15E3 /* Photo.swift in Sources */,
				CB6F8D9C20251DEE00841B83 /* UserLocationManager.swift in Sources */,
				CB81450E20325A2B008A15E3 /* DatabaseManager.swift in Sources */,
				CBC9E886202E6CDA00C503FA /* RestaurantPicturesDataSource.swift in Sources */,
				CBBFB600202BEB92004412EB /* NetworkApiClient.swift in Sources */,
				CB8A960F21A92B3800A53416 /* SavedRestaurantViewCell.swift in Sources */,
				CB6F8D972024E04D00841B83 /* JSONDecodable.swift in Sources */,
				CB6F8D992024E08300841B83 /* YelpEndpoint.swift in Sources */,
				CB81450C2032573C008A15E3 /* CountryGroupViewCell.swift in Sources */,
				CBD4CC522034CE3300AA9FD8 /* Pin.swift in Sources */,
				CBBFB602202CBE1C004412EB /* YelpClient.swift in Sources */,
				CBC9E888202E6F8E00C503FA /* pictureCollectionViewCell.swift in Sources */,
				CBD4CC502034B36B00AA9FD8 /* Designable Helpers.swift in Sources */,
				CB62A946202A1C70001EBD43 /* Helpers.swift in Sources */,
				CB6F8D872024D7A400841B83 /* RestaurantCategory.swift in Sources */,
				CBBA6999202452F300CAB545 /* RestaurantDetailViewModel.swift in Sources */,
				CB6F8D912024DE1700841B83 /* Country.swift in Sources */,
				CB6F8DA0202524EF00841B83 /* Error.swift in Sources */,
				CBBA697720244EFA00CAB545 /* AppDelegate.swift in Sources */,
				CB6F8D8B2024D84D00841B83 /* User.swift in Sources */,
				CBBA69962024526800CAB545 /* RestaurantDetailViewController.swift in Sources */,
				CB6F8D892024D80500841B83 /* RestaurantTransaction.swift in Sources */,
				CB626972202FD86D0056DA60 /* CoreDataStack.swift in Sources */,
			);
			runOnlyForDeploymentPostprocessing = 0;
		};
/* End PBXSourcesBuildPhase section */

/* Begin PBXVariantGroup section */
		CBBA698220244EFA00CAB545 /* LaunchScreen.storyboard */ = {
			isa = PBXVariantGroup;
			children = (
				CBBA698320244EFA00CAB545 /* Base */,
			);
			name = LaunchScreen.storyboard;
			sourceTree = "<group>";
		};
/* End PBXVariantGroup section */

/* Begin XCBuildConfiguration section */
		CBBA698620244EFA00CAB545 /* Debug */ = {
			isa = XCBuildConfiguration;
			buildSettings = {
				ALWAYS_SEARCH_USER_PATHS = NO;
				CLANG_ANALYZER_NONNULL = YES;
				CLANG_ANALYZER_NUMBER_OBJECT_CONVERSION = YES_AGGRESSIVE;
				CLANG_CXX_LANGUAGE_STANDARD = "gnu++14";
				CLANG_CXX_LIBRARY = "libc++";
				CLANG_ENABLE_MODULES = YES;
				CLANG_ENABLE_OBJC_ARC = YES;
				CLANG_WARN_BLOCK_CAPTURE_AUTORELEASING = YES;
				CLANG_WARN_BOOL_CONVERSION = YES;
				CLANG_WARN_COMMA = YES;
				CLANG_WARN_CONSTANT_CONVERSION = YES;
				CLANG_WARN_DEPRECATED_OBJC_IMPLEMENTATIONS = YES;
				CLANG_WARN_DIRECT_OBJC_ISA_USAGE = YES_ERROR;
				CLANG_WARN_DOCUMENTATION_COMMENTS = YES;
				CLANG_WARN_EMPTY_BODY = YES;
				CLANG_WARN_ENUM_CONVERSION = YES;
				CLANG_WARN_INFINITE_RECURSION = YES;
				CLANG_WARN_INT_CONVERSION = YES;
				CLANG_WARN_NON_LITERAL_NULL_CONVERSION = YES;
				CLANG_WARN_OBJC_IMPLICIT_RETAIN_SELF = YES;
				CLANG_WARN_OBJC_LITERAL_CONVERSION = YES;
				CLANG_WARN_OBJC_ROOT_CLASS = YES_ERROR;
				CLANG_WARN_RANGE_LOOP_ANALYSIS = YES;
				CLANG_WARN_STRICT_PROTOTYPES = YES;
				CLANG_WARN_SUSPICIOUS_MOVE = YES;
				CLANG_WARN_UNGUARDED_AVAILABILITY = YES_AGGRESSIVE;
				CLANG_WARN_UNREACHABLE_CODE = YES;
				CLANG_WARN__DUPLICATE_METHOD_MATCH = YES;
				CODE_SIGN_IDENTITY = "iPhone Developer";
				COPY_PHASE_STRIP = NO;
				DEBUG_INFORMATION_FORMAT = dwarf;
				ENABLE_STRICT_OBJC_MSGSEND = YES;
				ENABLE_TESTABILITY = YES;
				GCC_C_LANGUAGE_STANDARD = gnu11;
				GCC_DYNAMIC_NO_PIC = NO;
				GCC_NO_COMMON_BLOCKS = YES;
				GCC_OPTIMIZATION_LEVEL = 0;
				GCC_PREPROCESSOR_DEFINITIONS = (
					"DEBUG=1",
					"$(inherited)",
				);
				GCC_WARN_64_TO_32_BIT_CONVERSION = YES;
				GCC_WARN_ABOUT_RETURN_TYPE = YES_ERROR;
				GCC_WARN_UNDECLARED_SELECTOR = YES;
				GCC_WARN_UNINITIALIZED_AUTOS = YES_AGGRESSIVE;
				GCC_WARN_UNUSED_FUNCTION = YES;
				GCC_WARN_UNUSED_VARIABLE = YES;
				IPHONEOS_DEPLOYMENT_TARGET = 11.2;
				MTL_ENABLE_DEBUG_INFO = YES;
				ONLY_ACTIVE_ARCH = YES;
				SDKROOT = iphoneos;
				SWIFT_ACTIVE_COMPILATION_CONDITIONS = DEBUG;
				SWIFT_OPTIMIZATION_LEVEL = "-Onone";
			};
			name = Debug;
		};
		CBBA698720244EFA00CAB545 /* Release */ = {
			isa = XCBuildConfiguration;
			buildSettings = {
				ALWAYS_SEARCH_USER_PATHS = NO;
				CLANG_ANALYZER_NONNULL = YES;
				CLANG_ANALYZER_NUMBER_OBJECT_CONVERSION = YES_AGGRESSIVE;
				CLANG_CXX_LANGUAGE_STANDARD = "gnu++14";
				CLANG_CXX_LIBRARY = "libc++";
				CLANG_ENABLE_MODULES = YES;
				CLANG_ENABLE_OBJC_ARC = YES;
				CLANG_WARN_BLOCK_CAPTURE_AUTORELEASING = YES;
				CLANG_WARN_BOOL_CONVERSION = YES;
				CLANG_WARN_COMMA = YES;
				CLANG_WARN_CONSTANT_CONVERSION = YES;
				CLANG_WARN_DEPRECATED_OBJC_IMPLEMENTATIONS = YES;
				CLANG_WARN_DIRECT_OBJC_ISA_USAGE = YES_ERROR;
				CLANG_WARN_DOCUMENTATION_COMMENTS = YES;
				CLANG_WARN_EMPTY_BODY = YES;
				CLANG_WARN_ENUM_CONVERSION = YES;
				CLANG_WARN_INFINITE_RECURSION = YES;
				CLANG_WARN_INT_CONVERSION = YES;
				CLANG_WARN_NON_LITERAL_NULL_CONVERSION = YES;
				CLANG_WARN_OBJC_IMPLICIT_RETAIN_SELF = YES;
				CLANG_WARN_OBJC_LITERAL_CONVERSION = YES;
				CLANG_WARN_OBJC_ROOT_CLASS = YES_ERROR;
				CLANG_WARN_RANGE_LOOP_ANALYSIS = YES;
				CLANG_WARN_STRICT_PROTOTYPES = YES;
				CLANG_WARN_SUSPICIOUS_MOVE = YES;
				CLANG_WARN_UNGUARDED_AVAILABILITY = YES_AGGRESSIVE;
				CLANG_WARN_UNREACHABLE_CODE = YES;
				CLANG_WARN__DUPLICATE_METHOD_MATCH = YES;
				CODE_SIGN_IDENTITY = "iPhone Developer";
				COPY_PHASE_STRIP = NO;
				DEBUG_INFORMATION_FORMAT = "dwarf-with-dsym";
				ENABLE_NS_ASSERTIONS = NO;
				ENABLE_STRICT_OBJC_MSGSEND = YES;
				GCC_C_LANGUAGE_STANDARD = gnu11;
				GCC_NO_COMMON_BLOCKS = YES;
				GCC_WARN_64_TO_32_BIT_CONVERSION = YES;
				GCC_WARN_ABOUT_RETURN_TYPE = YES_ERROR;
				GCC_WARN_UNDECLARED_SELECTOR = YES;
				GCC_WARN_UNINITIALIZED_AUTOS = YES_AGGRESSIVE;
				GCC_WARN_UNUSED_FUNCTION = YES;
				GCC_WARN_UNUSED_VARIABLE = YES;
				IPHONEOS_DEPLOYMENT_TARGET = 11.2;
				MTL_ENABLE_DEBUG_INFO = NO;
				SDKROOT = iphoneos;
				SWIFT_OPTIMIZATION_LEVEL = "-Owholemodule";
				VALIDATE_PRODUCT = YES;
			};
			name = Release;
		};
		CBBA698920244EFA00CAB545 /* Debug */ = {
			isa = XCBuildConfiguration;
			baseConfigurationReference = 0E3C2A03F8CC2E5ED8945760 /* Pods-World Restaurants.debug.xcconfig */;
			buildSettings = {
				ASSETCATALOG_COMPILER_APPICON_NAME = AppIcon;
				CODE_SIGN_IDENTITY = "iPhone Developer";
				"CODE_SIGN_IDENTITY[sdk=iphoneos*]" = "iPhone Developer";
				CODE_SIGN_STYLE = Automatic;
				DEVELOPMENT_TEAM = NM274J9JZR;
				INFOPLIST_FILE = "World Restaurants/Info.plist";
				IPHONEOS_DEPLOYMENT_TARGET = 12.1;
				LD_RUNPATH_SEARCH_PATHS = "$(inherited) @executable_path/Frameworks";
				MTL_ENABLE_DEBUG_INFO = YES;
				PRODUCT_BUNDLE_IDENTIFIER = "com.farzadzamani.World-Restaurants";
				PRODUCT_NAME = "$(TARGET_NAME)";
				PROVISIONING_PROFILE = "";
				PROVISIONING_PROFILE_SPECIFIER = "";
				SWIFT_VERSION = 4.0;
				TARGETED_DEVICE_FAMILY = 1;
			};
			name = Debug;
		};
		CBBA698A20244EFA00CAB545 /* Release */ = {
			isa = XCBuildConfiguration;
			baseConfigurationReference = 25E7AB68427B1D9DCA159273 /* Pods-World Restaurants.release.xcconfig */;
			buildSettings = {
				ASSETCATALOG_COMPILER_APPICON_NAME = AppIcon;
				CODE_SIGN_IDENTITY = "iPhone Distribution";
				"CODE_SIGN_IDENTITY[sdk=iphoneos*]" = "iPhone Developer";
				CODE_SIGN_STYLE = Automatic;
				DEVELOPMENT_TEAM = NM274J9JZR;
				INFOPLIST_FILE = "World Restaurants/Info.plist";
				IPHONEOS_DEPLOYMENT_TARGET = 12.1;
				LD_RUNPATH_SEARCH_PATHS = "$(inherited) @executable_path/Frameworks";
				PRODUCT_BUNDLE_IDENTIFIER = "com.farzadzamani.World-Restaurants";
				PRODUCT_NAME = "$(TARGET_NAME)";
				PROVISIONING_PROFILE = "";
				PROVISIONING_PROFILE_SPECIFIER = "";
				SWIFT_VERSION = 4.0;
				TARGETED_DEVICE_FAMILY = 1;
			};
			name = Release;
		};
/* End XCBuildConfiguration section */

/* Begin XCConfigurationList section */
		CBBA696E20244EF900CAB545 /* Build configuration list for PBXProject "World Restaurants" */ = {
			isa = XCConfigurationList;
			buildConfigurations = (
				CBBA698620244EFA00CAB545 /* Debug */,
				CBBA698720244EFA00CAB545 /* Release */,
			);
			defaultConfigurationIsVisible = 0;
			defaultConfigurationName = Release;
		};
		CBBA698820244EFA00CAB545 /* Build configuration list for PBXNativeTarget "World Restaurants" */ = {
			isa = XCConfigurationList;
			buildConfigurations = (
				CBBA698920244EFA00CAB545 /* Debug */,
				CBBA698A20244EFA00CAB545 /* Release */,
			);
			defaultConfigurationIsVisible = 0;
			defaultConfigurationName = Release;
		};
/* End XCConfigurationList section */

/* Begin XCVersionGroup section */
		CB0D71DB20337FBB00BFB08D /* SavedRestaurants.xcdatamodeld */ = {
			isa = XCVersionGroup;
			children = (
				CB0D71DC20337FBB00BFB08D /* FavoriteRestaurants.xcdatamodel */,
			);
			currentVersion = CB0D71DC20337FBB00BFB08D /* FavoriteRestaurants.xcdatamodel */;
			path = SavedRestaurants.xcdatamodeld;
			sourceTree = "<group>";
			versionGroupType = wrapper.xcdatamodel;
		};
/* End XCVersionGroup section */
	};
	rootObject = CBBA696B20244EF900CAB545 /* Project object */;
}
