// !$*UTF8*$!
{
	archiveVersion = 1;
	classes = {
	};
	objectVersion = 48;
	objects = {

/* Begin PBXBuildFile section */
		CBBA697720244EFA00CAB545 /* AppDelegate.swift in Sources */ = {isa = PBXBuildFile; fileRef = CBBA697620244EFA00CAB545 /* AppDelegate.swift */; };
		CBBA697920244EFA00CAB545 /* ViewController.swift in Sources */ = {isa = PBXBuildFile; fileRef = CBBA697820244EFA00CAB545 /* ViewController.swift */; };
		CBBA697C20244EFA00CAB545 /* Main.storyboard in Resources */ = {isa = PBXBuildFile; fileRef = CBBA697A20244EFA00CAB545 /* Main.storyboard */; };
		CBBA697F20244EFA00CAB545 /* World_Restaurants.xcdatamodeld in Sources */ = {isa = PBXBuildFile; fileRef = CBBA697D20244EFA00CAB545 /* World_Restaurants.xcdatamodeld */; };
		CBBA698120244EFA00CAB545 /* Assets.xcassets in Resources */ = {isa = PBXBuildFile; fileRef = CBBA698020244EFA00CAB545 /* Assets.xcassets */; };
		CBBA698420244EFA00CAB545 /* LaunchScreen.storyboard in Resources */ = {isa = PBXBuildFile; fileRef = CBBA698220244EFA00CAB545 /* LaunchScreen.storyboard */; };
/* End PBXBuildFile section */

/* Begin PBXFileReference section */
		CBBA697320244EFA00CAB545 /* World Restaurants.app */ = {isa = PBXFileReference; explicitFileType = wrapper.application; includeInIndex = 0; path = "World Restaurants.app"; sourceTree = BUILT_PRODUCTS_DIR; };
		CBBA697620244EFA00CAB545 /* AppDelegate.swift */ = {isa = PBXFileReference; lastKnownFileType = sourcecode.swift; path = AppDelegate.swift; sourceTree = "<group>"; };
		CBBA697820244EFA00CAB545 /* ViewController.swift */ = {isa = PBXFileReference; lastKnownFileType = sourcecode.swift; path = ViewController.swift; sourceTree = "<group>"; };
		CBBA697B20244EFA00CAB545 /* Base */ = {isa = PBXFileReference; lastKnownFileType = file.storyboard; name = Base; path = Base.lproj/Main.storyboard; sourceTree = "<group>"; };
		CBBA697E20244EFA00CAB545 /* World_Restaurants.xcdatamodel */ = {isa = PBXFileReference; lastKnownFileType = wrapper.xcdatamodel; path = World_Restaurants.xcdatamodel; sourceTree = "<group>"; };
		CBBA698020244EFA00CAB545 /* Assets.xcassets */ = {isa = PBXFileReference; lastKnownFileType = folder.assetcatalog; path = Assets.xcassets; sourceTree = "<group>"; };
		CBBA698320244EFA00CAB545 /* Base */ = {isa = PBXFileReference; lastKnownFileType = file.storyboard; name = Base; path = Base.lproj/LaunchScreen.storyboard; sourceTree = "<group>"; };
		CBBA698520244EFA00CAB545 /* Info.plist */ = {isa = PBXFileReference; lastKnownFileType = text.plist.xml; path = Info.plist; sourceTree = "<group>"; };
/* End PBXFileReference section */

/* Begin PBXFrameworksBuildPhase section */
		CBBA697020244EFA00CAB545 /* Frameworks */ = {
			isa = PBXFrameworksBuildPhase;
			buildActionMask = 2147483647;
			files = (
			);
			runOnlyForDeploymentPostprocessing = 0;
		};
/* End PBXFrameworksBuildPhase section */

/* Begin PBXGroup section */
		CBBA696A20244EF900CAB545 = {
			isa = PBXGroup;
			children = (
				CBBA697520244EFA00CAB545 /* World Restaurants */,
				CBBA697420244EFA00CAB545 /* Products */,
			);
			sourceTree = "<group>";
		};
		CBBA697420244EFA00CAB545 /* Products */ = {
			isa = PBXGroup;
			children = (
				CBBA697320244EFA00CAB545 /* World Restaurants.app */,
			);
			name = Products;
			sourceTree = "<group>";
		};
		CBBA697520244EFA00CAB545 /* World Restaurants */ = {
			isa = PBXGroup;
			children = (
				CBBA697620244EFA00CAB545 /* AppDelegate.swift */,
				CBBA697820244EFA00CAB545 /* ViewController.swift */,
				CBBA697A20244EFA00CAB545 /* Main.storyboard */,
				CBBA698020244EFA00CAB545 /* Assets.xcassets */,
				CBBA698220244EFA00CAB545 /* LaunchScreen.storyboard */,
				CBBA698520244EFA00CAB545 /* Info.plist */,
				CBBA697D20244EFA00CAB545 /* World_Restaurants.xcdatamodeld */,
			);
			path = "World Restaurants";
			sourceTree = "<group>";
		};
/* End PBXGroup section */

/* Begin PBXNativeTarget section */
		CBBA697220244EFA00CAB545 /* World Restaurants */ = {
			isa = PBXNativeTarget;
			buildConfigurationList = CBBA698820244EFA00CAB545 /* Build configuration list for PBXNativeTarget "World Restaurants" */;
			buildPhases = (
				CBBA696F20244EFA00CAB545 /* Sources */,
				CBBA697020244EFA00CAB545 /* Frameworks */,
				CBBA697120244EFA00CAB545 /* Resources */,
			);
			buildRules = (
			);
			dependencies = (
			);
			name = "World Restaurants";
			productName = "World Restaurants";
			productReference = CBBA697320244EFA00CAB545 /* World Restaurants.app */;
			productType = "com.apple.product-type.application";
		};
/* End PBXNativeTarget section */

/* Begin PBXProject section */
		CBBA696B20244EF900CAB545 /* Project object */ = {
			isa = PBXProject;
			attributes = {
				LastSwiftUpdateCheck = 0920;
				LastUpgradeCheck = 0920;
				ORGANIZATIONNAME = "Farzad Zamani";
				TargetAttributes = {
					CBBA697220244EFA00CAB545 = {
						CreatedOnToolsVersion = 9.2;
						ProvisioningStyle = Automatic;
					};
				};
			};
			buildConfigurationList = CBBA696E20244EF900CAB545 /* Build configuration list for PBXProject "World Restaurants" */;
			compatibilityVersion = "Xcode 8.0";
			developmentRegion = en;
			hasScannedForEncodings = 0;
			knownRegions = (
				en,
				Base,
			);
			mainGroup = CBBA696A20244EF900CAB545;
			productRefGroup = CBBA697420244EFA00CAB545 /* Products */;
			projectDirPath = "";
			projectRoot = "";
			targets = (
				CBBA697220244EFA00CAB545 /* World Restaurants */,
			);
		};
/* End PBXProject section */

/* Begin PBXResourcesBuildPhase section */
		CBBA697120244EFA00CAB545 /* Resources */ = {
			isa = PBXResourcesBuildPhase;
			buildActionMask = 2147483647;
			files = (
				CBBA698420244EFA00CAB545 /* LaunchScreen.storyboard in Resources */,
				CBBA698120244EFA00CAB545 /* Assets.xcassets in Resources */,
				CBBA697C20244EFA00CAB545 /* Main.storyboard in Resources */,
			);
			runOnlyForDeploymentPostprocessing = 0;
		};
/* End PBXResourcesBuildPhase section */

/* Begin PBXSourcesBuildPhase section */
		CBBA696F20244EFA00CAB545 /* Sources */ = {
			isa = PBXSourcesBuildPhase;
			buildActionMask = 2147483647;
			files = (
				CBBA697920244EFA00CAB545 /* ViewController.swift in Sources */,
				CBBA697F20244EFA00CAB545 /* World_Restaurants.xcdatamodeld in Sources */,
				CBBA697720244EFA00CAB545 /* AppDelegate.swift in Sources */,
			);
			runOnlyForDeploymentPostprocessing = 0;
		};
/* End PBXSourcesBuildPhase section */

/* Begin PBXVariantGroup section */
		CBBA697A20244EFA00CAB545 /* Main.storyboard */ = {
			isa = PBXVariantGroup;
			children = (
				CBBA697B20244EFA00CAB545 /* Base */,
			);
			name = Main.storyboard;
			sourceTree = "<group>";
		};
		CBBA698220244EFA00CAB545 /* LaunchScreen.storyboard */ = {
			isa = PBXVariantGroup;
			children = (
				CBBA698320244EFA00CAB545 /* Base */,
			);
			name = LaunchScreen.storyboard;
			sourceTree = "<group>";
		};
/* End PBXVariantGroup section */

/* Begin XCBuildConfiguration section */
		CBBA698620244EFA00CAB545 /* Debug */ = {
			isa = XCBuildConfiguration;
			buildSettings = {
				ALWAYS_SEARCH_USER_PATHS = NO;
				CLANG_ANALYZER_NONNULL = YES;
				CLANG_ANALYZER_NUMBER_OBJECT_CONVERSION = YES_AGGRESSIVE;
				CLANG_CXX_LANGUAGE_STANDARD = "gnu++14";
				CLANG_CXX_LIBRARY = "libc++";
				CLANG_ENABLE_MODULES = YES;
				CLANG_ENABLE_OBJC_ARC = YES;
				CLANG_WARN_BLOCK_CAPTURE_AUTORELEASING = YES;
				CLANG_WARN_BOOL_CONVERSION = YES;
				CLANG_WARN_COMMA = YES;
				CLANG_WARN_CONSTANT_CONVERSION = YES;
				CLANG_WARN_DIRECT_OBJC_ISA_USAGE = YES_ERROR;
				CLANG_WARN_DOCUMENTATION_COMMENTS = YES;
				CLANG_WARN_EMPTY_BODY = YES;
				CLANG_WARN_ENUM_CONVERSION = YES;
				CLANG_WARN_INFINITE_RECURSION = YES;
				CLANG_WARN_INT_CONVERSION = YES;
				CLANG_WARN_NON_LITERAL_NULL_CONVERSION = YES;
				CLANG_WARN_OBJC_LITERAL_CONVERSION = YES;
				CLANG_WARN_OBJC_ROOT_CLASS = YES_ERROR;
				CLANG_WARN_RANGE_LOOP_ANALYSIS = YES;
				CLANG_WARN_STRICT_PROTOTYPES = YES;
				CLANG_WARN_SUSPICIOUS_MOVE = YES;
				CLANG_WARN_UNGUARDED_AVAILABILITY = YES_AGGRESSIVE;
				CLANG_WARN_UNREACHABLE_CODE = YES;
				CLANG_WARN__DUPLICATE_METHOD_MATCH = YES;
				CODE_SIGN_IDENTITY = "iPhone Developer";
				COPY_PHASE_STRIP = NO;
				DEBUG_INFORMATION_FORMAT = dwarf;
				ENABLE_STRICT_OBJC_MSGSEND = YES;
				ENABLE_TESTABILITY = YES;
				GCC_C_LANGUAGE_STANDARD = gnu11;
				GCC_DYNAMIC_NO_PIC = NO;
				GCC_NO_COMMON_BLOCKS = YES;
				GCC_OPTIMIZATION_LEVEL = 0;
				GCC_PREPROCESSOR_DEFINITIONS = (
					"DEBUG=1",
					"$(inherited)",
				);
				GCC_WARN_64_TO_32_BIT_CONVERSION = YES;
				GCC_WARN_ABOUT_RETURN_TYPE = YES_ERROR;
				GCC_WARN_UNDECLARED_SELECTOR = YES;
				GCC_WARN_UNINITIALIZED_AUTOS = YES_AGGRESSIVE;
				GCC_WARN_UNUSED_FUNCTION = YES;
				GCC_WARN_UNUSED_VARIABLE = YES;
				IPHONEOS_DEPLOYMENT_TARGET = 11.2;
				MTL_ENABLE_DEBUG_INFO = YES;
				ONLY_ACTIVE_ARCH = YES;
				SDKROOT = iphoneos;
				SWIFT_ACTIVE_COMPILATION_CONDITIONS = DEBUG;
				SWIFT_OPTIMIZATION_LEVEL = "-Onone";
			};
			name = Debug;
		};
		CBBA698720244EFA00CAB545 /* Release */ = {
			isa = XCBuildConfiguration;
			buildSettings = {
				ALWAYS_SEARCH_USER_PATHS = NO;
				CLANG_ANALYZER_NONNULL = YES;
				CLANG_ANALYZER_NUMBER_OBJECT_CONVERSION = YES_AGGRESSIVE;
				CLANG_CXX_LANGUAGE_STANDARD = "gnu++14";
				CLANG_CXX_LIBRARY = "libc++";
				CLANG_ENABLE_MODULES = YES;
				CLANG_ENABLE_OBJC_ARC = YES;
				CLANG_WARN_BLOCK_CAPTURE_AUTORELEASING = YES;
				CLANG_WARN_BOOL_CONVERSION = YES;
				CLANG_WARN_COMMA = YES;
				CLANG_WARN_CONSTANT_CONVERSION = YES;
				CLANG_WARN_DIRECT_OBJC_ISA_USAGE = YES_ERROR;
				CLANG_WARN_DOCUMENTATION_COMMENTS = YES;
				CLANG_WARN_EMPTY_BODY = YES;
				CLANG_WARN_ENUM_CONVERSION = YES;
				CLANG_WARN_INFINITE_RECURSION = YES;
				CLANG_WARN_INT_CONVERSION = YES;
				CLANG_WARN_NON_LITERAL_NULL_CONVERSION = YES;
				CLANG_WARN_OBJC_LITERAL_CONVERSION = YES;
				CLANG_WARN_OBJC_ROOT_CLASS = YES_ERROR;
				CLANG_WARN_RANGE_LOOP_ANALYSIS = YES;
				CLANG_WARN_STRICT_PROTOTYPES = YES;
				CLANG_WARN_SUSPICIOUS_MOVE = YES;
				CLANG_WARN_UNGUARDED_AVAILABILITY = YES_AGGRESSIVE;
				CLANG_WARN_UNREACHABLE_CODE = YES;
				CLANG_WARN__DUPLICATE_METHOD_MATCH = YES;
				CODE_SIGN_IDENTITY = "iPhone Developer";
				COPY_PHASE_STRIP = NO;
				DEBUG_INFORMATION_FORMAT = "dwarf-with-dsym";
				ENABLE_NS_ASSERTIONS = NO;
				ENABLE_STRICT_OBJC_MSGSEND = YES;
				GCC_C_LANGUAGE_STANDARD = gnu11;
				GCC_NO_COMMON_BLOCKS = YES;
				GCC_WARN_64_TO_32_BIT_CONVERSION = YES;
				GCC_WARN_ABOUT_RETURN_TYPE = YES_ERROR;
				GCC_WARN_UNDECLARED_SELECTOR = YES;
				GCC_WARN_UNINITIALIZED_AUTOS = YES_AGGRESSIVE;
				GCC_WARN_UNUSED_FUNCTION = YES;
				GCC_WARN_UNUSED_VARIABLE = YES;
				IPHONEOS_DEPLOYMENT_TARGET = 11.2;
				MTL_ENABLE_DEBUG_INFO = NO;
				SDKROOT = iphoneos;
				SWIFT_OPTIMIZATION_LEVEL = "-Owholemodule";
				VALIDATE_PRODUCT = YES;
			};
			name = Release;
		};
		CBBA698920244EFA00CAB545 /* Debug */ = {
			isa = XCBuildConfiguration;
			buildSettings = {
				ASSETCATALOG_COMPILER_APPICON_NAME = AppIcon;
				CODE_SIGN_STYLE = Automatic;
				DEVELOPMENT_TEAM = NM274J9JZR;
				INFOPLIST_FILE = "World Restaurants/Info.plist";
				LD_RUNPATH_SEARCH_PATHS = "$(inherited) @executable_path/Frameworks";
				PRODUCT_BUNDLE_IDENTIFIER = "com.farzadzamani.World-Restaurants";
				PRODUCT_NAME = "$(TARGET_NAME)";
				SWIFT_VERSION = 4.0;
				TARGETED_DEVICE_FAMILY = "1,2";
			};
			name = Debug;
		};
		CBBA698A20244EFA00CAB545 /* Release */ = {
			isa = XCBuildConfiguration;
			buildSettings = {
				ASSETCATALOG_COMPILER_APPICON_NAME = AppIcon;
				CODE_SIGN_STYLE = Automatic;
				DEVELOPMENT_TEAM = NM274J9JZR;
				INFOPLIST_FILE = "World Restaurants/Info.plist";
				LD_RUNPATH_SEARCH_PATHS = "$(inherited) @executable_path/Frameworks";
				PRODUCT_BUNDLE_IDENTIFIER = "com.farzadzamani.World-Restaurants";
				PRODUCT_NAME = "$(TARGET_NAME)";
				SWIFT_VERSION = 4.0;
				TARGETED_DEVICE_FAMILY = "1,2";
			};
			name = Release;
		};
/* End XCBuildConfiguration section */

/* Begin XCConfigurationList section */
		CBBA696E20244EF900CAB545 /* Build configuration list for PBXProject "World Restaurants" */ = {
			isa = XCConfigurationList;
			buildConfigurations = (
				CBBA698620244EFA00CAB545 /* Debug */,
				CBBA698720244EFA00CAB545 /* Release */,
			);
			defaultConfigurationIsVisible = 0;
			defaultConfigurationName = Release;
		};
		CBBA698820244EFA00CAB545 /* Build configuration list for PBXNativeTarget "World Restaurants" */ = {
			isa = XCConfigurationList;
			buildConfigurations = (
				CBBA698920244EFA00CAB545 /* Debug */,
				CBBA698A20244EFA00CAB545 /* Release */,
			);
			defaultConfigurationIsVisible = 0;
			defaultConfigurationName = Release;
		};
/* End XCConfigurationList section */

/* Begin XCVersionGroup section */
		CBBA697D20244EFA00CAB545 /* World_Restaurants.xcdatamodeld */ = {
			isa = XCVersionGroup;
			children = (
				CBBA697E20244EFA00CAB545 /* World_Restaurants.xcdatamodel */,
			);
			currentVersion = CBBA697E20244EFA00CAB545 /* World_Restaurants.xcdatamodel */;
			path = World_Restaurants.xcdatamodeld;
			sourceTree = "<group>";
			versionGroupType = wrapper.xcdatamodel;
		};
/* End XCVersionGroup section */
	};
	rootObject = CBBA696B20244EF900CAB545 /* Project object */;
}
